
Microsoft Visual Studio Solution File, Format Version 12.00
# Visual Studio Version 17
VisualStudioVersion = 17.10.35122.118
MinimumVisualStudioVersion = 10.0.40219.1
Project("{9A19103F-16F7-4668-BE54-9A1E7A4F7556}") = "Book Tracker", "Book Tracker\Book Tracker.csproj", "{CC04B20E-69D1-4347-96F9-54A6CED65C8C}"
EndProject
Global
	GlobalSection(SolutionConfigurationPlatforms) = preSolution
		Debug|Any CPU = Debug|Any CPU
		Release|Any CPU = Release|Any CPU
	EndGlobalSection
	GlobalSection(ProjectConfigurationPlatforms) = postSolution
		{CC04B20E-69D1-4347-96F9-54A6CED65C8C}.Debug|Any CPU.ActiveCfg = Debug|Any CPU
		{CC04B20E-69D1-4347-96F9-54A6CED65C8C}.Debug|Any CPU.Build.0 = Debug|Any CPU
		{CC04B20E-69D1-4347-96F9-54A6CED65C8C}.Release|Any CPU.ActiveCfg = Release|Any CPU
		{CC04B20E-69D1-4347-96F9-54A6CED65C8C}.Release|Any CPU.Build.0 = Release|Any CPU
	EndGlobalSection
	GlobalSection(SolutionProperties) = preSolution
		HideSolutionNode = FALSE
	EndGlobalSection
	GlobalSection(ExtensibilityGlobals) = postSolution
		SolutionGuid = {B3294B07-27DF-4604-ABF8-D9004EE8F81B}
	EndGlobalSection
EndGlobal
